
Microsoft Visual Studio Solution File, Format Version 12.00
# Visual Studio 2012
Project("{FAE04EC0-301F-11D3-BF4B-00C04F79EFBC}") = "DocViewer", "DocViewer.csproj", "{9F635E4C-93C4-454B-AEA5-CEDB4EE5970F}"
EndProject
Global
	GlobalSection(SolutionConfigurationPlatforms) = preSolution
		Release|iPhone = Release|iPhone
		debuginsimulator|iPhoneSimulator = debuginsimulator|iPhoneSimulator
	EndGlobalSection
	GlobalSection(ProjectConfigurationPlatforms) = postSolution
		{9F635E4C-93C4-454B-AEA5-CEDB4EE5970F}.Release|iPhone.ActiveCfg = Release|iPhone
		{9F635E4C-93C4-454B-AEA5-CEDB4EE5970F}.Release|iPhone.Build.0 = Release|iPhone
		{9F635E4C-93C4-454B-AEA5-CEDB4EE5970F}.debuginsimulator|iPhoneSimulator.ActiveCfg = debuginsimulator|iPhoneSimulator
		{9F635E4C-93C4-454B-AEA5-CEDB4EE5970F}.debuginsimulator|iPhoneSimulator.Build.0 = debuginsimulator|iPhoneSimulator
	EndGlobalSection
EndGlobal
